
Microsoft Visual Studio Solution File, Format Version 12.00
# Visual Studio Version 17
VisualStudioVersion = 17.11.35327.3
MinimumVisualStudioVersion = 10.0.40219.1
Project("{FAE04EC0-301F-11D3-BF4B-00C04F79EFBC}") = "PlacasSoladres", "PlacasSoladres\PlacasSoladres.csproj", "{54A9A3D2-B7C8-4A24-A433-AA4CDCA3C73E}"
EndProject
Global
	GlobalSection(SolutionConfigurationPlatforms) = preSolution
		Debug|Any CPU = Debug|Any CPU
		Release|Any CPU = Release|Any CPU
	EndGlobalSection
	GlobalSection(ProjectConfigurationPlatforms) = postSolution
		{54A9A3D2-B7C8-4A24-A433-AA4CDCA3C73E}.Debug|Any CPU.ActiveCfg = Debug|Any CPU
		{54A9A3D2-B7C8-4A24-A433-AA4CDCA3C73E}.Debug|Any CPU.Build.0 = Debug|Any CPU
		{54A9A3D2-B7C8-4A24-A433-AA4CDCA3C73E}.Debug|Any CPU.Deploy.0 = Debug|Any CPU
		{54A9A3D2-B7C8-4A24-A433-AA4CDCA3C73E}.Release|Any CPU.ActiveCfg = Release|Any CPU
		{54A9A3D2-B7C8-4A24-A433-AA4CDCA3C73E}.Release|Any CPU.Build.0 = Release|Any CPU
		{54A9A3D2-B7C8-4A24-A433-AA4CDCA3C73E}.Release|Any CPU.Deploy.0 = Release|Any CPU
	EndGlobalSection
	GlobalSection(SolutionProperties) = preSolution
		HideSolutionNode = FALSE
	EndGlobalSection
	GlobalSection(ExtensibilityGlobals) = postSolution
		SolutionGuid = {3D622896-C02B-45B1-8205-73EDFC59634F}
	EndGlobalSection
EndGlobal
